
Microsoft Visual Studio Solution File, Format Version 12.00
# Visual Studio 15
VisualStudioVersion = 15.0.26430.16
MinimumVisualStudioVersion = 10.0.40219.1
Project("{FAE04EC0-301F-11D3-BF4B-00C04F79EFBC}") = "WCFEmpleados", "WCFEmpleados\WCFEmpleados.csproj", "{A2A4A1F2-096C-433B-89EE-B60C5DC26A69}"
EndProject
Project("{FAE04EC0-301F-11D3-BF4B-00C04F79EFBC}") = "MVCEmpleados", "MVCEmpleados\MVCEmpleados.csproj", "{A3C87DBD-BF6B-4143-B006-796CD6DA95E6}"
	ProjectSection(ProjectDependencies) = postProject
		{A2A4A1F2-096C-433B-89EE-B60C5DC26A69} = {A2A4A1F2-096C-433B-89EE-B60C5DC26A69}
	EndProjectSection
EndProject
Global
	GlobalSection(SolutionConfigurationPlatforms) = preSolution
		Debug|Any CPU = Debug|Any CPU
		Release|Any CPU = Release|Any CPU
	EndGlobalSection
	GlobalSection(ProjectConfigurationPlatforms) = postSolution
		{A2A4A1F2-096C-433B-89EE-B60C5DC26A69}.Debug|Any CPU.ActiveCfg = Debug|Any CPU
		{A2A4A1F2-096C-433B-89EE-B60C5DC26A69}.Debug|Any CPU.Build.0 = Debug|Any CPU
		{A2A4A1F2-096C-433B-89EE-B60C5DC26A69}.Release|Any CPU.ActiveCfg = Release|Any CPU
		{A2A4A1F2-096C-433B-89EE-B60C5DC26A69}.Release|Any CPU.Build.0 = Release|Any CPU
		{A3C87DBD-BF6B-4143-B006-796CD6DA95E6}.Debug|Any CPU.ActiveCfg = Debug|Any CPU
		{A3C87DBD-BF6B-4143-B006-796CD6DA95E6}.Debug|Any CPU.Build.0 = Debug|Any CPU
		{A3C87DBD-BF6B-4143-B006-796CD6DA95E6}.Release|Any CPU.ActiveCfg = Release|Any CPU
		{A3C87DBD-BF6B-4143-B006-796CD6DA95E6}.Release|Any CPU.Build.0 = Release|Any CPU
	EndGlobalSection
	GlobalSection(SolutionProperties) = preSolution
		HideSolutionNode = FALSE
	EndGlobalSection
EndGlobal
